
Microsoft Visual Studio Solution File, Format Version 12.00
# Visual Studio Version 17
VisualStudioVersion = 17.5.002.0
MinimumVisualStudioVersion = 10.0.40219.1
Project("{9A19103F-16F7-4668-BE54-9A1E7A4F7556}") = "APIPessoas", "APIPessoas.csproj", "{459DAC88-9EAA-44AC-936A-DE8C8AF79AD9}"
EndProject
Global
	GlobalSection(SolutionConfigurationPlatforms) = preSolution
		Debug|Any CPU = Debug|Any CPU
		Release|Any CPU = Release|Any CPU
	EndGlobalSection
	GlobalSection(ProjectConfigurationPlatforms) = postSolution
		{459DAC88-9EAA-44AC-936A-DE8C8AF79AD9}.Debug|Any CPU.ActiveCfg = Debug|Any CPU
		{459DAC88-9EAA-44AC-936A-DE8C8AF79AD9}.Debug|Any CPU.Build.0 = Debug|Any CPU
		{459DAC88-9EAA-44AC-936A-DE8C8AF79AD9}.Release|Any CPU.ActiveCfg = Release|Any CPU
		{459DAC88-9EAA-44AC-936A-DE8C8AF79AD9}.Release|Any CPU.Build.0 = Release|Any CPU
	EndGlobalSection
	GlobalSection(SolutionProperties) = preSolution
		HideSolutionNode = FALSE
	EndGlobalSection
	GlobalSection(ExtensibilityGlobals) = postSolution
		SolutionGuid = {C426B119-54DA-4F8C-A818-78DB09226F63}
	EndGlobalSection
EndGlobal
